{
  "name": "ramata-name-guesser",
  "lockfileVersion": 2,
  "requires": true,
  "packages": {
    "": {
      "dependencies": {
        "consonant": "^0.0.2",
        "vowel": "^0.0.3"
      }
    },
    "node_modules/consonant": {
      "version": "0.0.2",
      "resolved": "https://registry.npmjs.org/consonant/-/consonant-0.0.2.tgz",
      "integrity": "sha512-QY2XCsMrKOwCHxwaZ2xQrvJ4Opb6YR2UWaYgLTiVx8o4Vxsz9Yc5+EPkW5s7rlSxBc9D3xWf+1uXEP6oQaD4zw=="
    },
    "node_modules/vowel": {
      "version": "0.0.3",
      "resolved": "https://registry.npmjs.org/vowel/-/vowel-0.0.3.tgz",
      "integrity": "sha512-2KRiM6Tg+BVSsKaYuwaO3uRlHA5OdWMSRotcZXZDJjm2n63bDMqqZxaC1ppLKyTsguvd4FdXwXDoznJd17ZVZQ=="
    }
  },
  "dependencies": {
    "consonant": {
      "version": "0.0.2",
      "resolved": "https://registry.npmjs.org/consonant/-/consonant-0.0.2.tgz",
      "integrity": "sha512-QY2XCsMrKOwCHxwaZ2xQrvJ4Opb6YR2UWaYgLTiVx8o4Vxsz9Yc5+EPkW5s7rlSxBc9D3xWf+1uXEP6oQaD4zw=="
    },
    "vowel": {
      "version": "0.0.3",
      "resolved": "https://registry.npmjs.org/vowel/-/vowel-0.0.3.tgz",
      "integrity": "sha512-2KRiM6Tg+BVSsKaYuwaO3uRlHA5OdWMSRotcZXZDJjm2n63bDMqqZxaC1ppLKyTsguvd4FdXwXDoznJd17ZVZQ=="
    }
  }
}
